// !$*UTF8*$!
{
	archiveVersion = 1;
	classes = {
	};
	objectVersion = 50;
	objects = {

/* Begin PBXBuildFile section */
		1EAEBC9622141A7400DFBA19 /* AppDelegate.swift in Sources */ = {isa = PBXBuildFile; fileRef = 1EAEBC9522141A7400DFBA19 /* AppDelegate.swift */; };
		1EAEBC9822141A7500DFBA19 /* ViewController.swift in Sources */ = {isa = PBXBuildFile; fileRef = 1EAEBC9722141A7500DFBA19 /* ViewController.swift */; };
		1EAEBC9B22141A7600DFBA19 /* Main.storyboard in Resources */ = {isa = PBXBuildFile; fileRef = 1EAEBC9922141A7600DFBA19 /* Main.storyboard */; };
		1EAEBC9D22141A8E00DFBA19 /* Assets.xcassets in Resources */ = {isa = PBXBuildFile; fileRef = 1EAEBC9C22141A8E00DFBA19 /* Assets.xcassets */; };
		1EAEBCA022141A8E00DFBA19 /* LaunchScreen.storyboard in Resources */ = {isa = PBXBuildFile; fileRef = 1EAEBC9E22141A8E00DFBA19 /* LaunchScreen.storyboard */; };
		286A17F7B9DB59CBF1BD03E3 /* Pods_HalfProgressBarDemo.framework in Frameworks */ = {isa = PBXBuildFile; fileRef = 48444244D07237BC3857A81E /* Pods_HalfProgressBarDemo.framework */; };
/* End PBXBuildFile section */

/* Begin PBXFileReference section */
		1EAEBC9222141A7400DFBA19 /* HalfProgressBarDemo.app */ = {isa = PBXFileReference; explicitFileType = wrapper.application; includeInIndex = 0; path = HalfProgressBarDemo.app; sourceTree = BUILT_PRODUCTS_DIR; };
		1EAEBC9522141A7400DFBA19 /* AppDelegate.swift */ = {isa = PBXFileReference; lastKnownFileType = sourcecode.swift; path = AppDelegate.swift; sourceTree = "<group>"; };
		1EAEBC9722141A7500DFBA19 /* ViewController.swift */ = {isa = PBXFileReference; lastKnownFileType = sourcecode.swift; path = ViewController.swift; sourceTree = "<group>"; };
		1EAEBC9A22141A7600DFBA19 /* Base */ = {isa = PBXFileReference; lastKnownFileType = file.storyboard; name = Base; path = Base.lproj/Main.storyboard; sourceTree = "<group>"; };
		1EAEBC9C22141A8E00DFBA19 /* Assets.xcassets */ = {isa = PBXFileReference; lastKnownFileType = folder.assetcatalog; path = Assets.xcassets; sourceTree = "<group>"; };
		1EAEBC9F22141A8E00DFBA19 /* Base */ = {isa = PBXFileReference; lastKnownFileType = file.storyboard; name = Base; path = Base.lproj/LaunchScreen.storyboard; sourceTree = "<group>"; };
		1EAEBCA122141A8E00DFBA19 /* Info.plist */ = {isa = PBXFileReference; lastKnownFileType = text.plist.xml; path = Info.plist; sourceTree = "<group>"; };
		48444244D07237BC3857A81E /* Pods_HalfProgressBarDemo.framework */ = {isa = PBXFileReference; explicitFileType = wrapper.framework; includeInIndex = 0; path = Pods_HalfProgressBarDemo.framework; sourceTree = BUILT_PRODUCTS_DIR; };
		54E11BA58C4BD7DAC49F33CA /* Pods-HalfProgressBarDemo.debug.xcconfig */ = {isa = PBXFileReference; includeInIndex = 1; lastKnownFileType = text.xcconfig; name = "Pods-HalfProgressBarDemo.debug.xcconfig"; path = "Pods/Target Support Files/Pods-HalfProgressBarDemo/Pods-HalfProgressBarDemo.debug.xcconfig"; sourceTree = "<group>"; };
		77B2D70C8EB67459818AA2F4 /* Pods-HalfProgressBarDemo.release.xcconfig */ = {isa = PBXFileReference; includeInIndex = 1; lastKnownFileType = text.xcconfig; name = "Pods-HalfProgressBarDemo.release.xcconfig"; path = "Pods/Target Support Files/Pods-HalfProgressBarDemo/Pods-HalfProgressBarDemo.release.xcconfig"; sourceTree = "<group>"; };
/* End PBXFileReference section */

/* Begin PBXFrameworksBuildPhase section */
		1EAEBC8F22141A7400DFBA19 /* Frameworks */ = {
			isa = PBXFrameworksBuildPhase;
			buildActionMask = 2147483647;
			files = (
				286A17F7B9DB59CBF1BD03E3 /* Pods_HalfProgressBarDemo.framework in Frameworks */,
			);
			runOnlyForDeploymentPostprocessing = 0;
		};
/* End PBXFrameworksBuildPhase section */

/* Begin PBXGroup section */
		1EAEBC8922141A7400DFBA19 = {
			isa = PBXGroup;
			children = (
				1EAEBC9422141A7400DFBA19 /* HalfProgressBarDemo */,
				1EAEBC9322141A7400DFBA19 /* Products */,
				DDC6255CC9BFAD78EAF571B6 /* Pods */,
				C582B2333CE732E6BA391AD9 /* Frameworks */,
			);
			sourceTree = "<group>";
		};
		1EAEBC9322141A7400DFBA19 /* Products */ = {
			isa = PBXGroup;
			children = (
				1EAEBC9222141A7400DFBA19 /* HalfProgressBarDemo.app */,
			);
			name = Products;
			sourceTree = "<group>";
		};
		1EAEBC9422141A7400DFBA19 /* HalfProgressBarDemo */ = {
			isa = PBXGroup;
			children = (
				1EAEBC9522141A7400DFBA19 /* AppDelegate.swift */,
				1EAEBC9722141A7500DFBA19 /* ViewController.swift */,
				1EAEBC9922141A7600DFBA19 /* Main.storyboard */,
				1EAEBC9C22141A8E00DFBA19 /* Assets.xcassets */,
				1EAEBC9E22141A8E00DFBA19 /* LaunchScreen.storyboard */,
				1EAEBCA122141A8E00DFBA19 /* Info.plist */,
			);
			path = HalfProgressBarDemo;
			sourceTree = "<group>";
		};
		C582B2333CE732E6BA391AD9 /* Frameworks */ = {
			isa = PBXGroup;
			children = (
				48444244D07237BC3857A81E /* Pods_HalfProgressBarDemo.framework */,
			);
			name = Frameworks;
			sourceTree = "<group>";
		};
		DDC6255CC9BFAD78EAF571B6 /* Pods */ = {
			isa = PBXGroup;
			children = (
				54E11BA58C4BD7DAC49F33CA /* Pods-HalfProgressBarDemo.debug.xcconfig */,
				77B2D70C8EB67459818AA2F4 /* Pods-HalfProgressBarDemo.release.xcconfig */,
			);
			name = Pods;
			sourceTree = "<group>";
		};
/* End PBXGroup section */

/* Begin PBXNativeTarget section */
		1EAEBC9122141A7400DFBA19 /* HalfProgressBarDemo */ = {
			isa = PBXNativeTarget;
			buildConfigurationList = 1EAEBCA422141A8E00DFBA19 /* Build configuration list for PBXNativeTarget "HalfProgressBarDemo" */;
			buildPhases = (
				2CFFEB942579A1DEE62CF22F /* [CP] Check Pods Manifest.lock */,
				1EAEBC8E22141A7400DFBA19 /* Sources */,
				1EAEBC8F22141A7400DFBA19 /* Frameworks */,
				1EAEBC9022141A7400DFBA19 /* Resources */,
				4181955F0F53EB5DB631E598 /* [CP] Embed Pods Frameworks */,
			);
			buildRules = (
			);
			dependencies = (
			);
			name = HalfProgressBarDemo;
			productName = HalfProgressBarDemo;
			productReference = 1EAEBC9222141A7400DFBA19 /* HalfProgressBarDemo.app */;
			productType = "com.apple.product-type.application";
		};
/* End PBXNativeTarget section */

/* Begin PBXProject section */
		1EAEBC8A22141A7400DFBA19 /* Project object */ = {
			isa = PBXProject;
			attributes = {
				LastSwiftUpdateCheck = 1010;
				LastUpgradeCheck = 1010;
				ORGANIZATIONNAME = Exp;
				TargetAttributes = {
					1EAEBC9122141A7400DFBA19 = {
						CreatedOnToolsVersion = 10.1;
					};
				};
			};
			buildConfigurationList = 1EAEBC8D22141A7400DFBA19 /* Build configuration list for PBXProject "HalfProgressBarDemo" */;
			compatibilityVersion = "Xcode 9.3";
			developmentRegion = en;
			hasScannedForEncodings = 0;
			knownRegions = (
				en,
				Base,
			);
			mainGroup = 1EAEBC8922141A7400DFBA19;
			productRefGroup = 1EAEBC9322141A7400DFBA19 /* Products */;
			projectDirPath = "";
			projectRoot = "";
			targets = (
				1EAEBC9122141A7400DFBA19 /* HalfProgressBarDemo */,
			);
		};
/* End PBXProject section */

/* Begin PBXResourcesBuildPhase section */
		1EAEBC9022141A7400DFBA19 /* Resources */ = {
			isa = PBXResourcesBuildPhase;
			buildActionMask = 2147483647;
			files = (
				1EAEBCA022141A8E00DFBA19 /* LaunchScreen.storyboard in Resources */,
				1EAEBC9D22141A8E00DFBA19 /* Assets.xcassets in Resources */,
				1EAEBC9B22141A7600DFBA19 /* Main.storyboard in Resources */,
			);
			runOnlyForDeploymentPostprocessing = 0;
		};
/* End PBXResourcesBuildPhase section */

/* Begin PBXShellScriptBuildPhase section */
		2CFFEB942579A1DEE62CF22F /* [CP] Check Pods Manifest.lock */ = {
			isa = PBXShellScriptBuildPhase;
			buildActionMask = 2147483647;
			files = (
			);
			inputPaths = (
				"${PODS_PODFILE_DIR_PATH}/Podfile.lock",
				"${PODS_ROOT}/Manifest.lock",
			);
			name = "[CP] Check Pods Manifest.lock";
			outputPaths = (
				"$(DERIVED_FILE_DIR)/Pods-HalfProgressBarDemo-checkManifestLockResult.txt",
			);
			runOnlyForDeploymentPostprocessing = 0;
			shellPath = /bin/sh;
			shellScript = "diff \"${PODS_PODFILE_DIR_PATH}/Podfile.lock\" \"${PODS_ROOT}/Manifest.lock\" > /dev/null\nif [ $? != 0 ] ; then\n    # print error to STDERR\n    echo \"error: The sandbox is not in sync with the Podfile.lock. Run 'pod install' or update your CocoaPods installation.\" >&2\n    exit 1\nfi\n# This output is used by Xcode 'outputs' to avoid re-running this script phase.\necho \"SUCCESS\" > \"${SCRIPT_OUTPUT_FILE_0}\"\n";
			showEnvVarsInLog = 0;
		};
		4181955F0F53EB5DB631E598 /* [CP] Embed Pods Frameworks */ = {
			isa = PBXShellScriptBuildPhase;
			buildActionMask = 2147483647;
			files = (
			);
			inputPaths = (
				"${SRCROOT}/Pods/Target Support Files/Pods-HalfProgressBarDemo/Pods-HalfProgressBarDemo-frameworks.sh",
				"${BUILT_PRODUCTS_DIR}/MTCircularSlider/MTCircularSlider.framework",
			);
			name = "[CP] Embed Pods Frameworks";
			outputPaths = (
				"${TARGET_BUILD_DIR}/${FRAMEWORKS_FOLDER_PATH}/MTCircularSlider.framework",
			);
			runOnlyForDeploymentPostprocessing = 0;
			shellPath = /bin/sh;
			shellScript = "\"${SRCROOT}/Pods/Target Support Files/Pods-HalfProgressBarDemo/Pods-HalfProgressBarDemo-frameworks.sh\"\n";
			showEnvVarsInLog = 0;
		};
/* End PBXShellScriptBuildPhase section */

/* Begin PBXSourcesBuildPhase section */
		1EAEBC8E22141A7400DFBA19 /* Sources */ = {
			isa = PBXSourcesBuildPhase;
			buildActionMask = 2147483647;
			files = (
				1EAEBC9822141A7500DFBA19 /* ViewController.swift in Sources */,
				1EAEBC9622141A7400DFBA19 /* AppDelegate.swift in Sources */,
			);
			runOnlyForDeploymentPostprocessing = 0;
		};
/* End PBXSourcesBuildPhase section */

/* Begin PBXVariantGroup section */
		1EAEBC9922141A7600DFBA19 /* Main.storyboard */ = {
			isa = PBXVariantGroup;
			children = (
				1EAEBC9A22141A7600DFBA19 /* Base */,
			);
			name = Main.storyboard;
			sourceTree = "<group>";
		};
		1EAEBC9E22141A8E00DFBA19 /* LaunchScreen.storyboard */ = {
			isa = PBXVariantGroup;
			children = (
				1EAEBC9F22141A8E00DFBA19 /* Base */,
			);
			name = LaunchScreen.storyboard;
			sourceTree = "<group>";
		};
/* End PBXVariantGroup section */

/* Begin XCBuildConfiguration section */
		1EAEBCA222141A8E00DFBA19 /* Debug */ = {
			isa = XCBuildConfiguration;
			buildSettings = {
				ALWAYS_SEARCH_USER_PATHS = NO;
				CLANG_ANALYZER_NONNULL = YES;
				CLANG_ANALYZER_NUMBER_OBJECT_CONVERSION = YES_AGGRESSIVE;
				CLANG_CXX_LANGUAGE_STANDARD = "gnu++14";
				CLANG_CXX_LIBRARY = "libc++";
				CLANG_ENABLE_MODULES = YES;
				CLANG_ENABLE_OBJC_ARC = YES;
				CLANG_ENABLE_OBJC_WEAK = YES;
				CLANG_WARN_BLOCK_CAPTURE_AUTORELEASING = YES;
				CLANG_WARN_BOOL_CONVERSION = YES;
				CLANG_WARN_COMMA = YES;
				CLANG_WARN_CONSTANT_CONVERSION = YES;
				CLANG_WARN_DEPRECATED_OBJC_IMPLEMENTATIONS = YES;
				CLANG_WARN_DIRECT_OBJC_ISA_USAGE = YES_ERROR;
				CLANG_WARN_DOCUMENTATION_COMMENTS = YES;
				CLANG_WARN_EMPTY_BODY = YES;
				CLANG_WARN_ENUM_CONVERSION = YES;
				CLANG_WARN_INFINITE_RECURSION = YES;
				CLANG_WARN_INT_CONVERSION = YES;
				CLANG_WARN_NON_LITERAL_NULL_CONVERSION = YES;
				CLANG_WARN_OBJC_IMPLICIT_RETAIN_SELF = YES;
				CLANG_WARN_OBJC_LITERAL_CONVERSION = YES;
				CLANG_WARN_OBJC_ROOT_CLASS = YES_ERROR;
				CLANG_WARN_RANGE_LOOP_ANALYSIS = YES;
				CLANG_WARN_STRICT_PROTOTYPES = YES;
				CLANG_WARN_SUSPICIOUS_MOVE = YES;
				CLANG_WARN_UNGUARDED_AVAILABILITY = YES_AGGRESSIVE;
				CLANG_WARN_UNREACHABLE_CODE = YES;
				CLANG_WARN__DUPLICATE_METHOD_MATCH = YES;
				CODE_SIGN_IDENTITY = "iPhone Developer";
				COPY_PHASE_STRIP = NO;
				DEBUG_INFORMATION_FORMAT = dwarf;
				ENABLE_STRICT_OBJC_MSGSEND = YES;
				ENABLE_TESTABILITY = YES;
				GCC_C_LANGUAGE_STANDARD = gnu11;
				GCC_DYNAMIC_NO_PIC = NO;
				GCC_NO_COMMON_BLOCKS = YES;
				GCC_OPTIMIZATION_LEVEL = 0;
				GCC_PREPROCESSOR_DEFINITIONS = (
					"DEBUG=1",
					"$(inherited)",
				);
				GCC_WARN_64_TO_32_BIT_CONVERSION = YES;
				GCC_WARN_ABOUT_RETURN_TYPE = YES_ERROR;
				GCC_WARN_UNDECLARED_SELECTOR = YES;
				GCC_WARN_UNINITIALIZED_AUTOS = YES_AGGRESSIVE;
				GCC_WARN_UNUSED_FUNCTION = YES;
				GCC_WARN_UNUSED_VARIABLE = YES;
				IPHONEOS_DEPLOYMENT_TARGET = 12.1;
				MTL_ENABLE_DEBUG_INFO = INCLUDE_SOURCE;
				MTL_FAST_MATH = YES;
				ONLY_ACTIVE_ARCH = YES;
				SDKROOT = iphoneos;
				SWIFT_ACTIVE_COMPILATION_CONDITIONS = DEBUG;
				SWIFT_OPTIMIZATION_LEVEL = "-Onone";
			};
			name = Debug;
		};
		1EAEBCA322141A8E00DFBA19 /* Release */ = {
			isa = XCBuildConfiguration;
			buildSettings = {
				ALWAYS_SEARCH_USER_PATHS = NO;
				CLANG_ANALYZER_NONNULL = YES;
				CLANG_ANALYZER_NUMBER_OBJECT_CONVERSION = YES_AGGRESSIVE;
				CLANG_CXX_LANGUAGE_STANDARD = "gnu++14";
				CLANG_CXX_LIBRARY = "libc++";
				CLANG_ENABLE_MODULES = YES;
				CLANG_ENABLE_OBJC_ARC = YES;
				CLANG_ENABLE_OBJC_WEAK = YES;
				CLANG_WARN_BLOCK_CAPTURE_AUTORELEASING = YES;
				CLANG_WARN_BOOL_CONVERSION = YES;
				CLANG_WARN_COMMA = YES;
				CLANG_WARN_CONSTANT_CONVERSION = YES;
				CLANG_WARN_DEPRECATED_OBJC_IMPLEMENTATIONS = YES;
				CLANG_WARN_DIRECT_OBJC_ISA_USAGE = YES_ERROR;
				CLANG_WARN_DOCUMENTATION_COMMENTS = YES;
				CLANG_WARN_EMPTY_BODY = YES;
				CLANG_WARN_ENUM_CONVERSION = YES;
				CLANG_WARN_INFINITE_RECURSION = YES;
				CLANG_WARN_INT_CONVERSION = YES;
				CLANG_WARN_NON_LITERAL_NULL_CONVERSION = YES;
				CLANG_WARN_OBJC_IMPLICIT_RETAIN_SELF = YES;
				CLANG_WARN_OBJC_LITERAL_CONVERSION = YES;
				CLANG_WARN_OBJC_ROOT_CLASS = YES_ERROR;
				CLANG_WARN_RANGE_LOOP_ANALYSIS = YES;
				CLANG_WARN_STRICT_PROTOTYPES = YES;
				CLANG_WARN_SUSPICIOUS_MOVE = YES;
				CLANG_WARN_UNGUARDED_AVAILABILITY = YES_AGGRESSIVE;
				CLANG_WARN_UNREACHABLE_CODE = YES;
				CLANG_WARN__DUPLICATE_METHOD_MATCH = YES;
				CODE_SIGN_IDENTITY = "iPhone Developer";
				COPY_PHASE_STRIP = NO;
				DEBUG_INFORMATION_FORMAT = "dwarf-with-dsym";
				ENABLE_NS_ASSERTIONS = NO;
				ENABLE_STRICT_OBJC_MSGSEND = YES;
				GCC_C_LANGUAGE_STANDARD = gnu11;
				GCC_NO_COMMON_BLOCKS = YES;
				GCC_WARN_64_TO_32_BIT_CONVERSION = YES;
				GCC_WARN_ABOUT_RETURN_TYPE = YES_ERROR;
				GCC_WARN_UNDECLARED_SELECTOR = YES;
				GCC_WARN_UNINITIALIZED_AUTOS = YES_AGGRESSIVE;
				GCC_WARN_UNUSED_FUNCTION = YES;
				GCC_WARN_UNUSED_VARIABLE = YES;
				IPHONEOS_DEPLOYMENT_TARGET = 12.1;
				MTL_ENABLE_DEBUG_INFO = NO;
				MTL_FAST_MATH = YES;
				SDKROOT = iphoneos;
				SWIFT_COMPILATION_MODE = wholemodule;
				SWIFT_OPTIMIZATION_LEVEL = "-O";
				VALIDATE_PRODUCT = YES;
			};
			name = Release;
		};
		1EAEBCA522141A8E00DFBA19 /* Debug */ = {
			isa = XCBuildConfiguration;
			baseConfigurationReference = 54E11BA58C4BD7DAC49F33CA /* Pods-HalfProgressBarDemo.debug.xcconfig */;
			buildSettings = {
				ASSETCATALOG_COMPILER_APPICON_NAME = AppIcon;
				CODE_SIGN_STYLE = Automatic;
				DEVELOPMENT_TEAM = 8QQU37LRP2;
				INFOPLIST_FILE = HalfProgressBarDemo/Info.plist;
				LD_RUNPATH_SEARCH_PATHS = (
					"$(inherited)",
					"@executable_path/Frameworks",
				);
				PRODUCT_BUNDLE_IDENTIFIER = com.HalfProgressBarDemo;
				PRODUCT_NAME = "$(TARGET_NAME)";
				SWIFT_VERSION = 4.2;
				TARGETED_DEVICE_FAMILY = "1,2";
			};
			name = Debug;
		};
		1EAEBCA622141A8E00DFBA19 /* Release */ = {
			isa = XCBuildConfiguration;
			baseConfigurationReference = 77B2D70C8EB67459818AA2F4 /* Pods-HalfProgressBarDemo.release.xcconfig */;
			buildSettings = {
				ASSETCATALOG_COMPILER_APPICON_NAME = AppIcon;
				CODE_SIGN_STYLE = Automatic;
				DEVELOPMENT_TEAM = 8QQU37LRP2;
				INFOPLIST_FILE = HalfProgressBarDemo/Info.plist;
				LD_RUNPATH_SEARCH_PATHS = (
					"$(inherited)",
					"@executable_path/Frameworks",
				);
				PRODUCT_BUNDLE_IDENTIFIER = com.HalfProgressBarDemo;
				PRODUCT_NAME = "$(TARGET_NAME)";
				SWIFT_VERSION = 4.2;
				TARGETED_DEVICE_FAMILY = "1,2";
			};
			name = Release;
		};
/* End XCBuildConfiguration section */

/* Begin XCConfigurationList section */
		1EAEBC8D22141A7400DFBA19 /* Build configuration list for PBXProject "HalfProgressBarDemo" */ = {
			isa = XCConfigurationList;
			buildConfigurations = (
				1EAEBCA222141A8E00DFBA19 /* Debug */,
				1EAEBCA322141A8E00DFBA19 /* Release */,
			);
			defaultConfigurationIsVisible = 0;
			defaultConfigurationName = Release;
		};
		1EAEBCA422141A8E00DFBA19 /* Build configuration list for PBXNativeTarget "HalfProgressBarDemo" */ = {
			isa = XCConfigurationList;
			buildConfigurations = (
				1EAEBCA522141A8E00DFBA19 /* Debug */,
				1EAEBCA622141A8E00DFBA19 /* Release */,
			);
			defaultConfigurationIsVisible = 0;
			defaultConfigurationName = Release;
		};
/* End XCConfigurationList section */
	};
	rootObject = 1EAEBC8A22141A7400DFBA19 /* Project object */;
}
