PODS:
  - MTCircularSlider (1.0.0)

DEPENDENCIES:
  - MTCircularSlider

SPEC REPOS:
  https://github.com/cocoapods/specs.git:
    - MTCircularSlider

SPEC CHECKSUMS:
  MTCircularSlider: ce0b277515dbc1b7b9163352103c368f53739c9e

PODFILE CHECKSUM: c6f84b8f9b786b9825fbbd3cde505527bc726835

COCOAPODS: 1.5.3
