PODS:
  - Charts (3.2.1):
    - Charts/Core (= 3.2.1)
  - Charts/Core (3.2.1)
  - SDWebImage (4.4.4):
    - SDWebImage/Core (= 4.4.4)
  - SDWebImage/Core (4.4.4)

DEPENDENCIES:
  - Charts
  - SDWebImage

SPEC REPOS:
  https://github.com/cocoapods/specs.git:
    - Charts
    - SDWebImage

SPEC CHECKSUMS:
  Charts: f122fb70b19847fa5817d018b77d6c5a2296ab25
  SDWebImage: c00ec18ab25d10e5ffac109b0f78d1b4341c9691

PODFILE CHECKSUM: c59f59cc726817e0595bdb753abf5e2703fa6ac7

COCOAPODS: 1.5.3
