// !$*UTF8*$!
{
	archiveVersion = 1;
	classes = {
	};
	objectVersion = 50;
	objects = {

/* Begin PBXBuildFile section */
		1E6852C52202FE7D0064FA03 /* MyPhoneContacts.swift in Sources */ = {isa = PBXBuildFile; fileRef = 1E6852C42202FE7D0064FA03 /* MyPhoneContacts.swift */; };
		1E6852C82202FED10064FA03 /* ContactsUI.framework in Frameworks */ = {isa = PBXBuildFile; fileRef = 1E6852C62202FED10064FA03 /* ContactsUI.framework */; };
		1E6852C92202FED10064FA03 /* Contacts.framework in Frameworks */ = {isa = PBXBuildFile; fileRef = 1E6852C72202FED10064FA03 /* Contacts.framework */; };
		1EE5068321C0D78B007718AE /* AppDelegate.swift in Sources */ = {isa = PBXBuildFile; fileRef = 1EE5068221C0D78B007718AE /* AppDelegate.swift */; };
		1EE5068521C0D78B007718AE /* ViewController.swift in Sources */ = {isa = PBXBuildFile; fileRef = 1EE5068421C0D78B007718AE /* ViewController.swift */; };
		1EE5068821C0D78B007718AE /* Main.storyboard in Resources */ = {isa = PBXBuildFile; fileRef = 1EE5068621C0D78B007718AE /* Main.storyboard */; };
		1EE5068A21C0D7A9007718AE /* Assets.xcassets in Resources */ = {isa = PBXBuildFile; fileRef = 1EE5068921C0D7A9007718AE /* Assets.xcassets */; };
		1EE5068D21C0D7A9007718AE /* LaunchScreen.storyboard in Resources */ = {isa = PBXBuildFile; fileRef = 1EE5068B21C0D7A9007718AE /* LaunchScreen.storyboard */; };
		1EE5069521C0D845007718AE /* ContactListViewController.swift in Sources */ = {isa = PBXBuildFile; fileRef = 1EE5069421C0D845007718AE /* ContactListViewController.swift */; };
		D4EFDE602041BEFB986C2E5F /* Pods_iOSUtility.framework in Frameworks */ = {isa = PBXBuildFile; fileRef = 2BF81CAE3C448F65607A998A /* Pods_iOSUtility.framework */; };
/* End PBXBuildFile section */

/* Begin PBXFileReference section */
		1E6852C42202FE7D0064FA03 /* MyPhoneContacts.swift */ = {isa = PBXFileReference; lastKnownFileType = sourcecode.swift; path = MyPhoneContacts.swift; sourceTree = "<group>"; };
		1E6852C62202FED10064FA03 /* ContactsUI.framework */ = {isa = PBXFileReference; lastKnownFileType = wrapper.framework; name = ContactsUI.framework; path = System/Library/Frameworks/ContactsUI.framework; sourceTree = SDKROOT; };
		1E6852C72202FED10064FA03 /* Contacts.framework */ = {isa = PBXFileReference; lastKnownFileType = wrapper.framework; name = Contacts.framework; path = System/Library/Frameworks/Contacts.framework; sourceTree = SDKROOT; };
		1EE5067F21C0D78B007718AE /* iOSUtility.app */ = {isa = PBXFileReference; explicitFileType = wrapper.application; includeInIndex = 0; path = iOSUtility.app; sourceTree = BUILT_PRODUCTS_DIR; };
		1EE5068221C0D78B007718AE /* AppDelegate.swift */ = {isa = PBXFileReference; lastKnownFileType = sourcecode.swift; path = AppDelegate.swift; sourceTree = "<group>"; };
		1EE5068421C0D78B007718AE /* ViewController.swift */ = {isa = PBXFileReference; lastKnownFileType = sourcecode.swift; path = ViewController.swift; sourceTree = "<group>"; };
		1EE5068721C0D78B007718AE /* Base */ = {isa = PBXFileReference; lastKnownFileType = file.storyboard; name = Base; path = Base.lproj/Main.storyboard; sourceTree = "<group>"; };
		1EE5068921C0D7A9007718AE /* Assets.xcassets */ = {isa = PBXFileReference; lastKnownFileType = folder.assetcatalog; path = Assets.xcassets; sourceTree = "<group>"; };
		1EE5068C21C0D7A9007718AE /* Base */ = {isa = PBXFileReference; lastKnownFileType = file.storyboard; name = Base; path = Base.lproj/LaunchScreen.storyboard; sourceTree = "<group>"; };
		1EE5068E21C0D7A9007718AE /* Info.plist */ = {isa = PBXFileReference; lastKnownFileType = text.plist.xml; path = Info.plist; sourceTree = "<group>"; };
		1EE5069421C0D845007718AE /* ContactListViewController.swift */ = {isa = PBXFileReference; lastKnownFileType = sourcecode.swift; path = ContactListViewController.swift; sourceTree = "<group>"; };
		2BF81CAE3C448F65607A998A /* Pods_iOSUtility.framework */ = {isa = PBXFileReference; explicitFileType = wrapper.framework; includeInIndex = 0; path = Pods_iOSUtility.framework; sourceTree = BUILT_PRODUCTS_DIR; };
		DF506EF145FD9CF85D9EE64F /* Pods-iOSUtility.release.xcconfig */ = {isa = PBXFileReference; includeInIndex = 1; lastKnownFileType = text.xcconfig; name = "Pods-iOSUtility.release.xcconfig"; path = "Pods/Target Support Files/Pods-iOSUtility/Pods-iOSUtility.release.xcconfig"; sourceTree = "<group>"; };
		EF799B7EF670F00B5DF4D260 /* Pods-iOSUtility.debug.xcconfig */ = {isa = PBXFileReference; includeInIndex = 1; lastKnownFileType = text.xcconfig; name = "Pods-iOSUtility.debug.xcconfig"; path = "Pods/Target Support Files/Pods-iOSUtility/Pods-iOSUtility.debug.xcconfig"; sourceTree = "<group>"; };
/* End PBXFileReference section */

/* Begin PBXFrameworksBuildPhase section */
		1EE5067C21C0D78B007718AE /* Frameworks */ = {
			isa = PBXFrameworksBuildPhase;
			buildActionMask = 2147483647;
			files = (
				1E6852C82202FED10064FA03 /* ContactsUI.framework in Frameworks */,
				1E6852C92202FED10064FA03 /* Contacts.framework in Frameworks */,
				D4EFDE602041BEFB986C2E5F /* Pods_iOSUtility.framework in Frameworks */,
			);
			runOnlyForDeploymentPostprocessing = 0;
		};
/* End PBXFrameworksBuildPhase section */

/* Begin PBXGroup section */
		0F7437B418D374B5F236E2BB /* Pods */ = {
			isa = PBXGroup;
			children = (
				EF799B7EF670F00B5DF4D260 /* Pods-iOSUtility.debug.xcconfig */,
				DF506EF145FD9CF85D9EE64F /* Pods-iOSUtility.release.xcconfig */,
			);
			name = Pods;
			sourceTree = "<group>";
		};
		1EE5067621C0D78A007718AE = {
			isa = PBXGroup;
			children = (
				1EE5068121C0D78B007718AE /* iOSUtility */,
				1EE5068021C0D78B007718AE /* Products */,
				0F7437B418D374B5F236E2BB /* Pods */,
				B34A9C994D350AB25023F3F4 /* Frameworks */,
			);
			sourceTree = "<group>";
		};
		1EE5068021C0D78B007718AE /* Products */ = {
			isa = PBXGroup;
			children = (
				1EE5067F21C0D78B007718AE /* iOSUtility.app */,
			);
			name = Products;
			sourceTree = "<group>";
		};
		1EE5068121C0D78B007718AE /* iOSUtility */ = {
			isa = PBXGroup;
			children = (
				1EE5068221C0D78B007718AE /* AppDelegate.swift */,
				1EE5068421C0D78B007718AE /* ViewController.swift */,
				1EE5069421C0D845007718AE /* ContactListViewController.swift */,
				1E6852C42202FE7D0064FA03 /* MyPhoneContacts.swift */,
				1EE5068621C0D78B007718AE /* Main.storyboard */,
				1EE5068921C0D7A9007718AE /* Assets.xcassets */,
				1EE5068B21C0D7A9007718AE /* LaunchScreen.storyboard */,
				1EE5068E21C0D7A9007718AE /* Info.plist */,
			);
			path = iOSUtility;
			sourceTree = "<group>";
		};
		B34A9C994D350AB25023F3F4 /* Frameworks */ = {
			isa = PBXGroup;
			children = (
				1E6852C72202FED10064FA03 /* Contacts.framework */,
				1E6852C62202FED10064FA03 /* ContactsUI.framework */,
				2BF81CAE3C448F65607A998A /* Pods_iOSUtility.framework */,
			);
			name = Frameworks;
			sourceTree = "<group>";
		};
/* End PBXGroup section */

/* Begin PBXNativeTarget section */
		1EE5067E21C0D78B007718AE /* iOSUtility */ = {
			isa = PBXNativeTarget;
			buildConfigurationList = 1EE5069121C0D7A9007718AE /* Build configuration list for PBXNativeTarget "iOSUtility" */;
			buildPhases = (
				64BFDFC95242F2A666C3BE3C /* [CP] Check Pods Manifest.lock */,
				1EE5067B21C0D78B007718AE /* Sources */,
				1EE5067C21C0D78B007718AE /* Frameworks */,
				1EE5067D21C0D78B007718AE /* Resources */,
				0C46B9403D4F0D927609DE60 /* [CP] Embed Pods Frameworks */,
			);
			buildRules = (
			);
			dependencies = (
			);
			name = iOSUtility;
			productName = iOSUtility;
			productReference = 1EE5067F21C0D78B007718AE /* iOSUtility.app */;
			productType = "com.apple.product-type.application";
		};
/* End PBXNativeTarget section */

/* Begin PBXProject section */
		1EE5067721C0D78A007718AE /* Project object */ = {
			isa = PBXProject;
			attributes = {
				LastSwiftUpdateCheck = 1010;
				LastUpgradeCheck = 1010;
				ORGANIZATIONNAME = Exp;
				TargetAttributes = {
					1EE5067E21C0D78B007718AE = {
						CreatedOnToolsVersion = 10.1;
					};
				};
			};
			buildConfigurationList = 1EE5067A21C0D78A007718AE /* Build configuration list for PBXProject "iOSUtility" */;
			compatibilityVersion = "Xcode 9.3";
			developmentRegion = en;
			hasScannedForEncodings = 0;
			knownRegions = (
				en,
				Base,
			);
			mainGroup = 1EE5067621C0D78A007718AE;
			productRefGroup = 1EE5068021C0D78B007718AE /* Products */;
			projectDirPath = "";
			projectRoot = "";
			targets = (
				1EE5067E21C0D78B007718AE /* iOSUtility */,
			);
		};
/* End PBXProject section */

/* Begin PBXResourcesBuildPhase section */
		1EE5067D21C0D78B007718AE /* Resources */ = {
			isa = PBXResourcesBuildPhase;
			buildActionMask = 2147483647;
			files = (
				1EE5068D21C0D7A9007718AE /* LaunchScreen.storyboard in Resources */,
				1EE5068A21C0D7A9007718AE /* Assets.xcassets in Resources */,
				1EE5068821C0D78B007718AE /* Main.storyboard in Resources */,
			);
			runOnlyForDeploymentPostprocessing = 0;
		};
/* End PBXResourcesBuildPhase section */

/* Begin PBXShellScriptBuildPhase section */
		0C46B9403D4F0D927609DE60 /* [CP] Embed Pods Frameworks */ = {
			isa = PBXShellScriptBuildPhase;
			buildActionMask = 2147483647;
			files = (
			);
			inputPaths = (
				"${SRCROOT}/Pods/Target Support Files/Pods-iOSUtility/Pods-iOSUtility-frameworks.sh",
				"${BUILT_PRODUCTS_DIR}/MBProgressHUD/MBProgressHUD.framework",
			);
			name = "[CP] Embed Pods Frameworks";
			outputPaths = (
				"${TARGET_BUILD_DIR}/${FRAMEWORKS_FOLDER_PATH}/MBProgressHUD.framework",
			);
			runOnlyForDeploymentPostprocessing = 0;
			shellPath = /bin/sh;
			shellScript = "\"${SRCROOT}/Pods/Target Support Files/Pods-iOSUtility/Pods-iOSUtility-frameworks.sh\"\n";
			showEnvVarsInLog = 0;
		};
		64BFDFC95242F2A666C3BE3C /* [CP] Check Pods Manifest.lock */ = {
			isa = PBXShellScriptBuildPhase;
			buildActionMask = 2147483647;
			files = (
			);
			inputPaths = (
				"${PODS_PODFILE_DIR_PATH}/Podfile.lock",
				"${PODS_ROOT}/Manifest.lock",
			);
			name = "[CP] Check Pods Manifest.lock";
			outputPaths = (
				"$(DERIVED_FILE_DIR)/Pods-iOSUtility-checkManifestLockResult.txt",
			);
			runOnlyForDeploymentPostprocessing = 0;
			shellPath = /bin/sh;
			shellScript = "diff \"${PODS_PODFILE_DIR_PATH}/Podfile.lock\" \"${PODS_ROOT}/Manifest.lock\" > /dev/null\nif [ $? != 0 ] ; then\n    # print error to STDERR\n    echo \"error: The sandbox is not in sync with the Podfile.lock. Run 'pod install' or update your CocoaPods installation.\" >&2\n    exit 1\nfi\n# This output is used by Xcode 'outputs' to avoid re-running this script phase.\necho \"SUCCESS\" > \"${SCRIPT_OUTPUT_FILE_0}\"\n";
			showEnvVarsInLog = 0;
		};
/* End PBXShellScriptBuildPhase section */

/* Begin PBXSourcesBuildPhase section */
		1EE5067B21C0D78B007718AE /* Sources */ = {
			isa = PBXSourcesBuildPhase;
			buildActionMask = 2147483647;
			files = (
				1EE5068521C0D78B007718AE /* ViewController.swift in Sources */,
				1EE5068321C0D78B007718AE /* AppDelegate.swift in Sources */,
				1EE5069521C0D845007718AE /* ContactListViewController.swift in Sources */,
				1E6852C52202FE7D0064FA03 /* MyPhoneContacts.swift in Sources */,
			);
			runOnlyForDeploymentPostprocessing = 0;
		};
/* End PBXSourcesBuildPhase section */

/* Begin PBXVariantGroup section */
		1EE5068621C0D78B007718AE /* Main.storyboard */ = {
			isa = PBXVariantGroup;
			children = (
				1EE5068721C0D78B007718AE /* Base */,
			);
			name = Main.storyboard;
			sourceTree = "<group>";
		};
		1EE5068B21C0D7A9007718AE /* LaunchScreen.storyboard */ = {
			isa = PBXVariantGroup;
			children = (
				1EE5068C21C0D7A9007718AE /* Base */,
			);
			name = LaunchScreen.storyboard;
			sourceTree = "<group>";
		};
/* End PBXVariantGroup section */

/* Begin XCBuildConfiguration section */
		1EE5068F21C0D7A9007718AE /* Debug */ = {
			isa = XCBuildConfiguration;
			buildSettings = {
				ALWAYS_SEARCH_USER_PATHS = NO;
				CLANG_ANALYZER_NONNULL = YES;
				CLANG_ANALYZER_NUMBER_OBJECT_CONVERSION = YES_AGGRESSIVE;
				CLANG_CXX_LANGUAGE_STANDARD = "gnu++14";
				CLANG_CXX_LIBRARY = "libc++";
				CLANG_ENABLE_MODULES = YES;
				CLANG_ENABLE_OBJC_ARC = YES;
				CLANG_ENABLE_OBJC_WEAK = YES;
				CLANG_WARN_BLOCK_CAPTURE_AUTORELEASING = YES;
				CLANG_WARN_BOOL_CONVERSION = YES;
				CLANG_WARN_COMMA = YES;
				CLANG_WARN_CONSTANT_CONVERSION = YES;
				CLANG_WARN_DEPRECATED_OBJC_IMPLEMENTATIONS = YES;
				CLANG_WARN_DIRECT_OBJC_ISA_USAGE = YES_ERROR;
				CLANG_WARN_DOCUMENTATION_COMMENTS = YES;
				CLANG_WARN_EMPTY_BODY = YES;
				CLANG_WARN_ENUM_CONVERSION = YES;
				CLANG_WARN_INFINITE_RECURSION = YES;
				CLANG_WARN_INT_CONVERSION = YES;
				CLANG_WARN_NON_LITERAL_NULL_CONVERSION = YES;
				CLANG_WARN_OBJC_IMPLICIT_RETAIN_SELF = YES;
				CLANG_WARN_OBJC_LITERAL_CONVERSION = YES;
				CLANG_WARN_OBJC_ROOT_CLASS = YES_ERROR;
				CLANG_WARN_RANGE_LOOP_ANALYSIS = YES;
				CLANG_WARN_STRICT_PROTOTYPES = YES;
				CLANG_WARN_SUSPICIOUS_MOVE = YES;
				CLANG_WARN_UNGUARDED_AVAILABILITY = YES_AGGRESSIVE;
				CLANG_WARN_UNREACHABLE_CODE = YES;
				CLANG_WARN__DUPLICATE_METHOD_MATCH = YES;
				CODE_SIGN_IDENTITY = "iPhone Developer";
				COPY_PHASE_STRIP = NO;
				DEBUG_INFORMATION_FORMAT = dwarf;
				ENABLE_STRICT_OBJC_MSGSEND = YES;
				ENABLE_TESTABILITY = YES;
				GCC_C_LANGUAGE_STANDARD = gnu11;
				GCC_DYNAMIC_NO_PIC = NO;
				GCC_NO_COMMON_BLOCKS = YES;
				GCC_OPTIMIZATION_LEVEL = 0;
				GCC_PREPROCESSOR_DEFINITIONS = (
					"DEBUG=1",
					"$(inherited)",
				);
				GCC_WARN_64_TO_32_BIT_CONVERSION = YES;
				GCC_WARN_ABOUT_RETURN_TYPE = YES_ERROR;
				GCC_WARN_UNDECLARED_SELECTOR = YES;
				GCC_WARN_UNINITIALIZED_AUTOS = YES_AGGRESSIVE;
				GCC_WARN_UNUSED_FUNCTION = YES;
				GCC_WARN_UNUSED_VARIABLE = YES;
				IPHONEOS_DEPLOYMENT_TARGET = 12.1;
				MTL_ENABLE_DEBUG_INFO = INCLUDE_SOURCE;
				MTL_FAST_MATH = YES;
				ONLY_ACTIVE_ARCH = YES;
				SDKROOT = iphoneos;
				SWIFT_ACTIVE_COMPILATION_CONDITIONS = DEBUG;
				SWIFT_OPTIMIZATION_LEVEL = "-Onone";
			};
			name = Debug;
		};
		1EE5069021C0D7A9007718AE /* Release */ = {
			isa = XCBuildConfiguration;
			buildSettings = {
				ALWAYS_SEARCH_USER_PATHS = NO;
				CLANG_ANALYZER_NONNULL = YES;
				CLANG_ANALYZER_NUMBER_OBJECT_CONVERSION = YES_AGGRESSIVE;
				CLANG_CXX_LANGUAGE_STANDARD = "gnu++14";
				CLANG_CXX_LIBRARY = "libc++";
				CLANG_ENABLE_MODULES = YES;
				CLANG_ENABLE_OBJC_ARC = YES;
				CLANG_ENABLE_OBJC_WEAK = YES;
				CLANG_WARN_BLOCK_CAPTURE_AUTORELEASING = YES;
				CLANG_WARN_BOOL_CONVERSION = YES;
				CLANG_WARN_COMMA = YES;
				CLANG_WARN_CONSTANT_CONVERSION = YES;
				CLANG_WARN_DEPRECATED_OBJC_IMPLEMENTATIONS = YES;
				CLANG_WARN_DIRECT_OBJC_ISA_USAGE = YES_ERROR;
				CLANG_WARN_DOCUMENTATION_COMMENTS = YES;
				CLANG_WARN_EMPTY_BODY = YES;
				CLANG_WARN_ENUM_CONVERSION = YES;
				CLANG_WARN_INFINITE_RECURSION = YES;
				CLANG_WARN_INT_CONVERSION = YES;
				CLANG_WARN_NON_LITERAL_NULL_CONVERSION = YES;
				CLANG_WARN_OBJC_IMPLICIT_RETAIN_SELF = YES;
				CLANG_WARN_OBJC_LITERAL_CONVERSION = YES;
				CLANG_WARN_OBJC_ROOT_CLASS = YES_ERROR;
				CLANG_WARN_RANGE_LOOP_ANALYSIS = YES;
				CLANG_WARN_STRICT_PROTOTYPES = YES;
				CLANG_WARN_SUSPICIOUS_MOVE = YES;
				CLANG_WARN_UNGUARDED_AVAILABILITY = YES_AGGRESSIVE;
				CLANG_WARN_UNREACHABLE_CODE = YES;
				CLANG_WARN__DUPLICATE_METHOD_MATCH = YES;
				CODE_SIGN_IDENTITY = "iPhone Developer";
				COPY_PHASE_STRIP = NO;
				DEBUG_INFORMATION_FORMAT = "dwarf-with-dsym";
				ENABLE_NS_ASSERTIONS = NO;
				ENABLE_STRICT_OBJC_MSGSEND = YES;
				GCC_C_LANGUAGE_STANDARD = gnu11;
				GCC_NO_COMMON_BLOCKS = YES;
				GCC_WARN_64_TO_32_BIT_CONVERSION = YES;
				GCC_WARN_ABOUT_RETURN_TYPE = YES_ERROR;
				GCC_WARN_UNDECLARED_SELECTOR = YES;
				GCC_WARN_UNINITIALIZED_AUTOS = YES_AGGRESSIVE;
				GCC_WARN_UNUSED_FUNCTION = YES;
				GCC_WARN_UNUSED_VARIABLE = YES;
				IPHONEOS_DEPLOYMENT_TARGET = 12.1;
				MTL_ENABLE_DEBUG_INFO = NO;
				MTL_FAST_MATH = YES;
				SDKROOT = iphoneos;
				SWIFT_COMPILATION_MODE = wholemodule;
				SWIFT_OPTIMIZATION_LEVEL = "-O";
				VALIDATE_PRODUCT = YES;
			};
			name = Release;
		};
		1EE5069221C0D7A9007718AE /* Debug */ = {
			isa = XCBuildConfiguration;
			baseConfigurationReference = EF799B7EF670F00B5DF4D260 /* Pods-iOSUtility.debug.xcconfig */;
			buildSettings = {
				ASSETCATALOG_COMPILER_APPICON_NAME = AppIcon;
				CODE_SIGN_STYLE = Automatic;
				DEVELOPMENT_TEAM = 8QQU37LRP2;
				INFOPLIST_FILE = iOSUtility/Info.plist;
				LD_RUNPATH_SEARCH_PATHS = (
					"$(inherited)",
					"@executable_path/Frameworks",
				);
				PRODUCT_BUNDLE_IDENTIFIER = com.zc.iOSUtility;
				PRODUCT_NAME = "$(TARGET_NAME)";
				SWIFT_VERSION = 4.2;
				TARGETED_DEVICE_FAMILY = "1,2";
			};
			name = Debug;
		};
		1EE5069321C0D7A9007718AE /* Release */ = {
			isa = XCBuildConfiguration;
			baseConfigurationReference = DF506EF145FD9CF85D9EE64F /* Pods-iOSUtility.release.xcconfig */;
			buildSettings = {
				ASSETCATALOG_COMPILER_APPICON_NAME = AppIcon;
				CODE_SIGN_STYLE = Automatic;
				DEVELOPMENT_TEAM = 8QQU37LRP2;
				INFOPLIST_FILE = iOSUtility/Info.plist;
				LD_RUNPATH_SEARCH_PATHS = (
					"$(inherited)",
					"@executable_path/Frameworks",
				);
				PRODUCT_BUNDLE_IDENTIFIER = com.zc.iOSUtility;
				PRODUCT_NAME = "$(TARGET_NAME)";
				SWIFT_VERSION = 4.2;
				TARGETED_DEVICE_FAMILY = "1,2";
			};
			name = Release;
		};
/* End XCBuildConfiguration section */

/* Begin XCConfigurationList section */
		1EE5067A21C0D78A007718AE /* Build configuration list for PBXProject "iOSUtility" */ = {
			isa = XCConfigurationList;
			buildConfigurations = (
				1EE5068F21C0D7A9007718AE /* Debug */,
				1EE5069021C0D7A9007718AE /* Release */,
			);
			defaultConfigurationIsVisible = 0;
			defaultConfigurationName = Release;
		};
		1EE5069121C0D7A9007718AE /* Build configuration list for PBXNativeTarget "iOSUtility" */ = {
			isa = XCConfigurationList;
			buildConfigurations = (
				1EE5069221C0D7A9007718AE /* Debug */,
				1EE5069321C0D7A9007718AE /* Release */,
			);
			defaultConfigurationIsVisible = 0;
			defaultConfigurationName = Release;
		};
/* End XCConfigurationList section */
	};
	rootObject = 1EE5067721C0D78A007718AE /* Project object */;
}
